{
  "name": "osu-taiko-sr",
  "version": "1.0.0",
  "lockfileVersion": 2,
  "requires": true,
  "packages": {
    "": {
      "name": "osu-taiko-sr",
      "version": "1.0.0",
      "license": "ISC",
      "dependencies": {
        "osu-classes": "^2.2.0",
        "osu-parsers": "^4.0.0"
      },
      "devDependencies": {
        "@types/node": "^18.15.11"
      }
    },
    "node_modules/@types/node": {
      "version": "18.15.11",
      "resolved": "https://registry.npmjs.org/@types/node/-/node-18.15.11.tgz",
      "integrity": "sha512-E5Kwq2n4SbMzQOn6wnmBjuK9ouqlURrcZDVfbo9ftDDTFt3nk7ZKK4GMOzoYgnpQJKcxwQw+lGaBvvlMo0qN/Q==",
      "dev": true
    },
    "node_modules/lzma-js-simple-v2": {
      "version": "1.2.2",
      "resolved": "https://registry.npmjs.org/lzma-js-simple-v2/-/lzma-js-simple-v2-1.2.2.tgz",
      "integrity": "sha512-dHjXHlgcS8r2K+4t8kAycGE4xMVQxPzMTCrrYhaFEtQDmjXh/A7xq4D88oOfEtjTR9XFzTAML9AuBrm4jXLigA==",
      "license": "MIT"
    },
    "node_modules/osu-classes": {
      "version": "2.2.0",
      "resolved": "https://registry.npmjs.org/osu-classes/-/osu-classes-2.2.0.tgz",
      "integrity": "sha512-AhZr4QvW12rkxv2+P6NPUOR5Kmp9gWjAYpKVN1hnOBmM7/XYQZr3/zgwZnV3oGYzoLiJfUlwiec7iTHQu9WUkg==",
      "license": "MIT"
    },
    "node_modules/osu-parsers": {
      "version": "4.0.0",
      "resolved": "https://registry.npmjs.org/osu-parsers/-/osu-parsers-4.0.0.tgz",
      "integrity": "sha512-z7R5kxCyWZsIY04UNMVNBFwUZ9mVSMMZuAzH/BgcOzx9aVU9Xb5yz0M5K2XYmXGtVgWMqCNh7NUfg7iDV5Bllg==",
      "license": "MIT",
      "dependencies": {
        "lzma-js-simple-v2": "^1.2.2"
      },
      "peerDependencies": {
        "osu-classes": "^2.1.2"
      }
    }
  },
  "dependencies": {
    "@types/node": {
      "version": "18.15.11",
      "resolved": "https://registry.npmjs.org/@types/node/-/node-18.15.11.tgz",
      "integrity": "sha512-E5Kwq2n4SbMzQOn6wnmBjuK9ouqlURrcZDVfbo9ftDDTFt3nk7ZKK4GMOzoYgnpQJKcxwQw+lGaBvvlMo0qN/Q==",
      "dev": true
    },
    "lzma-js-simple-v2": {
      "version": "1.2.2",
      "resolved": "https://registry.npmjs.org/lzma-js-simple-v2/-/lzma-js-simple-v2-1.2.2.tgz",
      "integrity": "sha512-dHjXHlgcS8r2K+4t8kAycGE4xMVQxPzMTCrrYhaFEtQDmjXh/A7xq4D88oOfEtjTR9XFzTAML9AuBrm4jXLigA=="
    },
    "osu-classes": {
      "version": "2.2.0",
      "resolved": "https://registry.npmjs.org/osu-classes/-/osu-classes-2.2.0.tgz",
      "integrity": "sha512-AhZr4QvW12rkxv2+P6NPUOR5Kmp9gWjAYpKVN1hnOBmM7/XYQZr3/zgwZnV3oGYzoLiJfUlwiec7iTHQu9WUkg=="
    },
    "osu-parsers": {
      "version": "4.0.0",
      "resolved": "https://registry.npmjs.org/osu-parsers/-/osu-parsers-4.0.0.tgz",
      "integrity": "sha512-z7R5kxCyWZsIY04UNMVNBFwUZ9mVSMMZuAzH/BgcOzx9aVU9Xb5yz0M5K2XYmXGtVgWMqCNh7NUfg7iDV5Bllg==",
      "requires": {
        "lzma-js-simple-v2": "^1.2.2"
      }
    }
  }
}
